
Microsoft Visual Studio Solution File, Format Version 12.00
# Visual Studio Version 17
VisualStudioVersion = 17.4.33110.190
MinimumVisualStudioVersion = 10.0.40219.1
Project("{FAE04EC0-301F-11D3-BF4B-00C04F79EFBC}") = "Group2_Assignment", "Group2_Assignment\Group2_Assignment.csproj", "{94ECCC18-AD38-4513-9AEA-6818DEC46DB9}"
EndProject
Global
	GlobalSection(SolutionConfigurationPlatforms) = preSolution
		Debug|Any CPU = Debug|Any CPU
		Release|Any CPU = Release|Any CPU
	EndGlobalSection
	GlobalSection(ProjectConfigurationPlatforms) = postSolution
		{94ECCC18-AD38-4513-9AEA-6818DEC46DB9}.Debug|Any CPU.ActiveCfg = Debug|Any CPU
		{94ECCC18-AD38-4513-9AEA-6818DEC46DB9}.Debug|Any CPU.Build.0 = Debug|Any CPU
		{94ECCC18-AD38-4513-9AEA-6818DEC46DB9}.Release|Any CPU.ActiveCfg = Release|Any CPU
		{94ECCC18-AD38-4513-9AEA-6818DEC46DB9}.Release|Any CPU.Build.0 = Release|Any CPU
	EndGlobalSection
	GlobalSection(SolutionProperties) = preSolution
		HideSolutionNode = FALSE
	EndGlobalSection
	GlobalSection(ExtensibilityGlobals) = postSolution
		SolutionGuid = {B6D4B872-7E6E-4022-B47B-1CDF6E71B3AD}
	EndGlobalSection
EndGlobal
